
Microsoft Visual Studio Solution File, Format Version 12.00
Project("{FAE04EC0-301F-11D3-BF4B-00C04F79EFBC}") = "lalalai", "lalalai.csproj", "{AC70C27A-4BCC-4B07-B071-2F6E1E92A4DF}"
EndProject
Global
	GlobalSection(SolutionConfigurationPlatforms) = preSolution
		Debug|Any CPU = Debug|Any CPU
		Release|Any CPU = Release|Any CPU
	EndGlobalSection
	GlobalSection(ProjectConfigurationPlatforms) = postSolution
		{AC70C27A-4BCC-4B07-B071-2F6E1E92A4DF}.Debug|Any CPU.ActiveCfg = Debug|Any CPU
		{AC70C27A-4BCC-4B07-B071-2F6E1E92A4DF}.Debug|Any CPU.Build.0 = Debug|Any CPU
		{AC70C27A-4BCC-4B07-B071-2F6E1E92A4DF}.Release|Any CPU.ActiveCfg = Release|Any CPU
		{AC70C27A-4BCC-4B07-B071-2F6E1E92A4DF}.Release|Any CPU.Build.0 = Release|Any CPU
	EndGlobalSection
EndGlobal
